
Microsoft Visual Studio Solution File, Format Version 12.00
# Visual Studio 2013
VisualStudioVersion = 12.0.31101.0
MinimumVisualStudioVersion = 10.0.40219.1
Project("{FAE04EC0-301F-11D3-BF4B-00C04F79EFBC}") = "Shutdown Timer", "Shutdown Timer\Shutdown Timer.csproj", "{6EEC04C6-8DE5-4AC3-83FA-932CB53FFCFC}"
EndProject
Project("{54435603-DBB4-11D2-8724-00A0C9A8B90C}") = "Easy Shutdown Timer", "Easy Shutdown Timer\Easy Shutdown Timer.vdproj", "{C9E91A6A-5E79-4CFF-86CC-59F392991A22}"
EndProject
Global
	GlobalSection(SolutionConfigurationPlatforms) = preSolution
		Debug|Any CPU = Debug|Any CPU
		Release|Any CPU = Release|Any CPU
	EndGlobalSection
	GlobalSection(ProjectConfigurationPlatforms) = postSolution
		{6EEC04C6-8DE5-4AC3-83FA-932CB53FFCFC}.Debug|Any CPU.ActiveCfg = Debug|Any CPU
		{6EEC04C6-8DE5-4AC3-83FA-932CB53FFCFC}.Debug|Any CPU.Build.0 = Debug|Any CPU
		{6EEC04C6-8DE5-4AC3-83FA-932CB53FFCFC}.Release|Any CPU.ActiveCfg = Release|Any CPU
		{6EEC04C6-8DE5-4AC3-83FA-932CB53FFCFC}.Release|Any CPU.Build.0 = Release|Any CPU
		{C9E91A6A-5E79-4CFF-86CC-59F392991A22}.Debug|Any CPU.ActiveCfg = Debug
		{C9E91A6A-5E79-4CFF-86CC-59F392991A22}.Release|Any CPU.ActiveCfg = Release
	EndGlobalSection
	GlobalSection(SolutionProperties) = preSolution
		HideSolutionNode = FALSE
	EndGlobalSection
EndGlobal
